
Microsoft Visual Studio Solution File, Format Version 12.00
# Visual Studio Version 16
VisualStudioVersion = 16.0.31702.278
MinimumVisualStudioVersion = 10.0.40219.1
Project("{FAE04EC0-301F-11D3-BF4B-00C04F79EFBC}") = "ControleKitSala", "ControleKitSala\ControleKitSala.csproj", "{95695B85-0387-4349-8FCF-37C8CD34D9FC}"
EndProject
Global
	GlobalSection(SolutionConfigurationPlatforms) = preSolution
		Debug|Any CPU = Debug|Any CPU
		Release|Any CPU = Release|Any CPU
	EndGlobalSection
	GlobalSection(ProjectConfigurationPlatforms) = postSolution
		{95695B85-0387-4349-8FCF-37C8CD34D9FC}.Debug|Any CPU.ActiveCfg = Debug|Any CPU
		{95695B85-0387-4349-8FCF-37C8CD34D9FC}.Debug|Any CPU.Build.0 = Debug|Any CPU
		{95695B85-0387-4349-8FCF-37C8CD34D9FC}.Release|Any CPU.ActiveCfg = Release|Any CPU
		{95695B85-0387-4349-8FCF-37C8CD34D9FC}.Release|Any CPU.Build.0 = Release|Any CPU
	EndGlobalSection
	GlobalSection(SolutionProperties) = preSolution
		HideSolutionNode = FALSE
	EndGlobalSection
	GlobalSection(ExtensibilityGlobals) = postSolution
		SolutionGuid = {01145E24-BB15-4530-B62D-88771462CF06}
	EndGlobalSection
EndGlobal
